// !$*UTF8*$!
{
	archiveVersion = 1;
	classes = {
	};
	objectVersion = 56;
	objects = {

/* Begin PBXBuildFile section */
		ADE33E162BE9B0C7008CC91F /* AppDelegate.swift in Sources */ = {isa = PBXBuildFile; fileRef = ADE33E152BE9B0C7008CC91F /* AppDelegate.swift */; };
		ADE33E182BE9B0C7008CC91F /* SceneDelegate.swift in Sources */ = {isa = PBXBuildFile; fileRef = ADE33E172BE9B0C7008CC91F /* SceneDelegate.swift */; };
		ADE33E1A2BE9B0C7008CC91F /* MainViewController.swift in Sources */ = {isa = PBXBuildFile; fileRef = ADE33E192BE9B0C7008CC91F /* MainViewController.swift */; };
		ADE33E1F2BE9B0C9008CC91F /* Assets.xcassets in Resources */ = {isa = PBXBuildFile; fileRef = ADE33E1E2BE9B0C9008CC91F /* Assets.xcassets */; };
		ADE33E222BE9B0C9008CC91F /* LaunchScreen.storyboard in Resources */ = {isa = PBXBuildFile; fileRef = ADE33E202BE9B0C9008CC91F /* LaunchScreen.storyboard */; };
		ADE33E2B2BE9B115008CC91F /* SnapKit in Frameworks */ = {isa = PBXBuildFile; productRef = ADE33E2A2BE9B115008CC91F /* SnapKit */; };
		ADE33E2D2BE9B16F008CC91F /* NetworkManager.swift in Sources */ = {isa = PBXBuildFile; fileRef = ADE33E2C2BE9B16F008CC91F /* NetworkManager.swift */; };
		ADE33E2F2BE9B6F1008CC91F /* MainViewModel.swift in Sources */ = {isa = PBXBuildFile; fileRef = ADE33E2E2BE9B6F1008CC91F /* MainViewModel.swift */; };
		ADE33E312BE9C144008CC91F /* MainNavigator.swift in Sources */ = {isa = PBXBuildFile; fileRef = ADE33E302BE9C144008CC91F /* MainNavigator.swift */; };
		ADE33E352BE9C46F008CC91F /* CombineCocoa in Frameworks */ = {isa = PBXBuildFile; productRef = ADE33E342BE9C46F008CC91F /* CombineCocoa */; };
		ADE33E372BE9C689008CC91F /* PresentViewController.swift in Sources */ = {isa = PBXBuildFile; fileRef = ADE33E362BE9C689008CC91F /* PresentViewController.swift */; };
		ADE33E3D2BE9C6DF008CC91F /* PresentViewModel.swift in Sources */ = {isa = PBXBuildFile; fileRef = ADE33E3C2BE9C6DF008CC91F /* PresentViewModel.swift */; };
		ADE33E3F2BE9C811008CC91F /* PresentNavigator.swift in Sources */ = {isa = PBXBuildFile; fileRef = ADE33E3E2BE9C811008CC91F /* PresentNavigator.swift */; };
/* End PBXBuildFile section */

/* Begin PBXFileReference section */
		ADE33E122BE9B0C7008CC91F /* NWPathMonitorSample.app */ = {isa = PBXFileReference; explicitFileType = wrapper.application; includeInIndex = 0; path = NWPathMonitorSample.app; sourceTree = BUILT_PRODUCTS_DIR; };
		ADE33E152BE9B0C7008CC91F /* AppDelegate.swift */ = {isa = PBXFileReference; lastKnownFileType = sourcecode.swift; path = AppDelegate.swift; sourceTree = "<group>"; };
		ADE33E172BE9B0C7008CC91F /* SceneDelegate.swift */ = {isa = PBXFileReference; lastKnownFileType = sourcecode.swift; path = SceneDelegate.swift; sourceTree = "<group>"; };
		ADE33E192BE9B0C7008CC91F /* MainViewController.swift */ = {isa = PBXFileReference; lastKnownFileType = sourcecode.swift; path = MainViewController.swift; sourceTree = "<group>"; };
		ADE33E1E2BE9B0C9008CC91F /* Assets.xcassets */ = {isa = PBXFileReference; lastKnownFileType = folder.assetcatalog; path = Assets.xcassets; sourceTree = "<group>"; };
		ADE33E212BE9B0C9008CC91F /* Base */ = {isa = PBXFileReference; lastKnownFileType = file.storyboard; name = Base; path = Base.lproj/LaunchScreen.storyboard; sourceTree = "<group>"; };
		ADE33E232BE9B0C9008CC91F /* Info.plist */ = {isa = PBXFileReference; lastKnownFileType = text.plist.xml; path = Info.plist; sourceTree = "<group>"; };
		ADE33E2C2BE9B16F008CC91F /* NetworkManager.swift */ = {isa = PBXFileReference; lastKnownFileType = sourcecode.swift; path = NetworkManager.swift; sourceTree = "<group>"; };
		ADE33E2E2BE9B6F1008CC91F /* MainViewModel.swift */ = {isa = PBXFileReference; lastKnownFileType = sourcecode.swift; path = MainViewModel.swift; sourceTree = "<group>"; };
		ADE33E302BE9C144008CC91F /* MainNavigator.swift */ = {isa = PBXFileReference; lastKnownFileType = sourcecode.swift; path = MainNavigator.swift; sourceTree = "<group>"; };
		ADE33E362BE9C689008CC91F /* PresentViewController.swift */ = {isa = PBXFileReference; lastKnownFileType = sourcecode.swift; path = PresentViewController.swift; sourceTree = "<group>"; };
		ADE33E3C2BE9C6DF008CC91F /* PresentViewModel.swift */ = {isa = PBXFileReference; lastKnownFileType = sourcecode.swift; path = PresentViewModel.swift; sourceTree = "<group>"; };
		ADE33E3E2BE9C811008CC91F /* PresentNavigator.swift */ = {isa = PBXFileReference; lastKnownFileType = sourcecode.swift; path = PresentNavigator.swift; sourceTree = "<group>"; };
/* End PBXFileReference section */

/* Begin PBXFrameworksBuildPhase section */
		ADE33E0F2BE9B0C7008CC91F /* Frameworks */ = {
			isa = PBXFrameworksBuildPhase;
			buildActionMask = 2147483647;
			files = (
				ADE33E352BE9C46F008CC91F /* CombineCocoa in Frameworks */,
				ADE33E2B2BE9B115008CC91F /* SnapKit in Frameworks */,
			);
			runOnlyForDeploymentPostprocessing = 0;
		};
/* End PBXFrameworksBuildPhase section */

/* Begin PBXGroup section */
		ADE33E092BE9B0C7008CC91F = {
			isa = PBXGroup;
			children = (
				ADE33E142BE9B0C7008CC91F /* NWPathMonitorSample */,
				ADE33E132BE9B0C7008CC91F /* Products */,
			);
			sourceTree = "<group>";
		};
		ADE33E132BE9B0C7008CC91F /* Products */ = {
			isa = PBXGroup;
			children = (
				ADE33E122BE9B0C7008CC91F /* NWPathMonitorSample.app */,
			);
			name = Products;
			sourceTree = "<group>";
		};
		ADE33E142BE9B0C7008CC91F /* NWPathMonitorSample */ = {
			isa = PBXGroup;
			children = (
				ADE33E3A2BE9C69F008CC91F /* Delegate */,
				ADE33E3B2BE9C6A7008CC91F /* Manager */,
				ADE33E392BE9C698008CC91F /* Scene */,
				ADE33E1E2BE9B0C9008CC91F /* Assets.xcassets */,
				ADE33E202BE9B0C9008CC91F /* LaunchScreen.storyboard */,
				ADE33E232BE9B0C9008CC91F /* Info.plist */,
			);
			path = NWPathMonitorSample;
			sourceTree = "<group>";
		};
		ADE33E322BE9C1F9008CC91F /* Main */ = {
			isa = PBXGroup;
			children = (
				ADE33E192BE9B0C7008CC91F /* MainViewController.swift */,
				ADE33E2E2BE9B6F1008CC91F /* MainViewModel.swift */,
				ADE33E302BE9C144008CC91F /* MainNavigator.swift */,
			);
			path = Main;
			sourceTree = "<group>";
		};
		ADE33E382BE9C68E008CC91F /* Present */ = {
			isa = PBXGroup;
			children = (
				ADE33E362BE9C689008CC91F /* PresentViewController.swift */,
				ADE33E3C2BE9C6DF008CC91F /* PresentViewModel.swift */,
				ADE33E3E2BE9C811008CC91F /* PresentNavigator.swift */,
			);
			path = Present;
			sourceTree = "<group>";
		};
		ADE33E392BE9C698008CC91F /* Scene */ = {
			isa = PBXGroup;
			children = (
				ADE33E322BE9C1F9008CC91F /* Main */,
				ADE33E382BE9C68E008CC91F /* Present */,
			);
			path = Scene;
			sourceTree = "<group>";
		};
		ADE33E3A2BE9C69F008CC91F /* Delegate */ = {
			isa = PBXGroup;
			children = (
				ADE33E152BE9B0C7008CC91F /* AppDelegate.swift */,
				ADE33E172BE9B0C7008CC91F /* SceneDelegate.swift */,
			);
			path = Delegate;
			sourceTree = "<group>";
		};
		ADE33E3B2BE9C6A7008CC91F /* Manager */ = {
			isa = PBXGroup;
			children = (
				ADE33E2C2BE9B16F008CC91F /* NetworkManager.swift */,
			);
			path = Manager;
			sourceTree = "<group>";
		};
/* End PBXGroup section */

/* Begin PBXNativeTarget section */
		ADE33E112BE9B0C7008CC91F /* NWPathMonitorSample */ = {
			isa = PBXNativeTarget;
			buildConfigurationList = ADE33E262BE9B0C9008CC91F /* Build configuration list for PBXNativeTarget "NWPathMonitorSample" */;
			buildPhases = (
				ADE33E0E2BE9B0C7008CC91F /* Sources */,
				ADE33E0F2BE9B0C7008CC91F /* Frameworks */,
				ADE33E102BE9B0C7008CC91F /* Resources */,
			);
			buildRules = (
			);
			dependencies = (
			);
			name = NWPathMonitorSample;
			packageProductDependencies = (
				ADE33E2A2BE9B115008CC91F /* SnapKit */,
				ADE33E342BE9C46F008CC91F /* CombineCocoa */,
			);
			productName = NWPathMonitorSample;
			productReference = ADE33E122BE9B0C7008CC91F /* NWPathMonitorSample.app */;
			productType = "com.apple.product-type.application";
		};
/* End PBXNativeTarget section */

/* Begin PBXProject section */
		ADE33E0A2BE9B0C7008CC91F /* Project object */ = {
			isa = PBXProject;
			attributes = {
				BuildIndependentTargetsInParallel = 1;
				LastSwiftUpdateCheck = 1520;
				LastUpgradeCheck = 1520;
				TargetAttributes = {
					ADE33E112BE9B0C7008CC91F = {
						CreatedOnToolsVersion = 15.2;
					};
				};
			};
			buildConfigurationList = ADE33E0D2BE9B0C7008CC91F /* Build configuration list for PBXProject "NWPathMonitorSample" */;
			compatibilityVersion = "Xcode 14.0";
			developmentRegion = en;
			hasScannedForEncodings = 0;
			knownRegions = (
				en,
				Base,
			);
			mainGroup = ADE33E092BE9B0C7008CC91F;
			packageReferences = (
				ADE33E292BE9B115008CC91F /* XCRemoteSwiftPackageReference "SnapKit" */,
				ADE33E332BE9C46F008CC91F /* XCRemoteSwiftPackageReference "CombineCocoa" */,
			);
			productRefGroup = ADE33E132BE9B0C7008CC91F /* Products */;
			projectDirPath = "";
			projectRoot = "";
			targets = (
				ADE33E112BE9B0C7008CC91F /* NWPathMonitorSample */,
			);
		};
/* End PBXProject section */

/* Begin PBXResourcesBuildPhase section */
		ADE33E102BE9B0C7008CC91F /* Resources */ = {
			isa = PBXResourcesBuildPhase;
			buildActionMask = 2147483647;
			files = (
				ADE33E222BE9B0C9008CC91F /* LaunchScreen.storyboard in Resources */,
				ADE33E1F2BE9B0C9008CC91F /* Assets.xcassets in Resources */,
			);
			runOnlyForDeploymentPostprocessing = 0;
		};
/* End PBXResourcesBuildPhase section */

/* Begin PBXSourcesBuildPhase section */
		ADE33E0E2BE9B0C7008CC91F /* Sources */ = {
			isa = PBXSourcesBuildPhase;
			buildActionMask = 2147483647;
			files = (
				ADE33E2F2BE9B6F1008CC91F /* MainViewModel.swift in Sources */,
				ADE33E3F2BE9C811008CC91F /* PresentNavigator.swift in Sources */,
				ADE33E372BE9C689008CC91F /* PresentViewController.swift in Sources */,
				ADE33E2D2BE9B16F008CC91F /* NetworkManager.swift in Sources */,
				ADE33E1A2BE9B0C7008CC91F /* MainViewController.swift in Sources */,
				ADE33E162BE9B0C7008CC91F /* AppDelegate.swift in Sources */,
				ADE33E182BE9B0C7008CC91F /* SceneDelegate.swift in Sources */,
				ADE33E3D2BE9C6DF008CC91F /* PresentViewModel.swift in Sources */,
				ADE33E312BE9C144008CC91F /* MainNavigator.swift in Sources */,
			);
			runOnlyForDeploymentPostprocessing = 0;
		};
/* End PBXSourcesBuildPhase section */

/* Begin PBXVariantGroup section */
		ADE33E202BE9B0C9008CC91F /* LaunchScreen.storyboard */ = {
			isa = PBXVariantGroup;
			children = (
				ADE33E212BE9B0C9008CC91F /* Base */,
			);
			name = LaunchScreen.storyboard;
			sourceTree = "<group>";
		};
/* End PBXVariantGroup section */

/* Begin XCBuildConfiguration section */
		ADE33E242BE9B0C9008CC91F /* Debug */ = {
			isa = XCBuildConfiguration;
			buildSettings = {
				ALWAYS_SEARCH_USER_PATHS = NO;
				ASSETCATALOG_COMPILER_GENERATE_SWIFT_ASSET_SYMBOL_EXTENSIONS = YES;
				CLANG_ANALYZER_NONNULL = YES;
				CLANG_ANALYZER_NUMBER_OBJECT_CONVERSION = YES_AGGRESSIVE;
				CLANG_CXX_LANGUAGE_STANDARD = "gnu++20";
				CLANG_ENABLE_MODULES = YES;
				CLANG_ENABLE_OBJC_ARC = YES;
				CLANG_ENABLE_OBJC_WEAK = YES;
				CLANG_WARN_BLOCK_CAPTURE_AUTORELEASING = YES;
				CLANG_WARN_BOOL_CONVERSION = YES;
				CLANG_WARN_COMMA = YES;
				CLANG_WARN_CONSTANT_CONVERSION = YES;
				CLANG_WARN_DEPRECATED_OBJC_IMPLEMENTATIONS = YES;
				CLANG_WARN_DIRECT_OBJC_ISA_USAGE = YES_ERROR;
				CLANG_WARN_DOCUMENTATION_COMMENTS = YES;
				CLANG_WARN_EMPTY_BODY = YES;
				CLANG_WARN_ENUM_CONVERSION = YES;
				CLANG_WARN_INFINITE_RECURSION = YES;
				CLANG_WARN_INT_CONVERSION = YES;
				CLANG_WARN_NON_LITERAL_NULL_CONVERSION = YES;
				CLANG_WARN_OBJC_IMPLICIT_RETAIN_SELF = YES;
				CLANG_WARN_OBJC_LITERAL_CONVERSION = YES;
				CLANG_WARN_OBJC_ROOT_CLASS = YES_ERROR;
				CLANG_WARN_QUOTED_INCLUDE_IN_FRAMEWORK_HEADER = YES;
				CLANG_WARN_RANGE_LOOP_ANALYSIS = YES;
				CLANG_WARN_STRICT_PROTOTYPES = YES;
				CLANG_WARN_SUSPICIOUS_MOVE = YES;
				CLANG_WARN_UNGUARDED_AVAILABILITY = YES_AGGRESSIVE;
				CLANG_WARN_UNREACHABLE_CODE = YES;
				CLANG_WARN__DUPLICATE_METHOD_MATCH = YES;
				COPY_PHASE_STRIP = NO;
				DEBUG_INFORMATION_FORMAT = dwarf;
				ENABLE_STRICT_OBJC_MSGSEND = YES;
				ENABLE_TESTABILITY = YES;
				ENABLE_USER_SCRIPT_SANDBOXING = YES;
				GCC_C_LANGUAGE_STANDARD = gnu17;
				GCC_DYNAMIC_NO_PIC = NO;
				GCC_NO_COMMON_BLOCKS = YES;
				GCC_OPTIMIZATION_LEVEL = 0;
				GCC_PREPROCESSOR_DEFINITIONS = (
					"DEBUG=1",
					"$(inherited)",
				);
				GCC_WARN_64_TO_32_BIT_CONVERSION = YES;
				GCC_WARN_ABOUT_RETURN_TYPE = YES_ERROR;
				GCC_WARN_UNDECLARED_SELECTOR = YES;
				GCC_WARN_UNINITIALIZED_AUTOS = YES_AGGRESSIVE;
				GCC_WARN_UNUSED_FUNCTION = YES;
				GCC_WARN_UNUSED_VARIABLE = YES;
				IPHONEOS_DEPLOYMENT_TARGET = 15.0;
				LOCALIZATION_PREFERS_STRING_CATALOGS = YES;
				MTL_ENABLE_DEBUG_INFO = INCLUDE_SOURCE;
				MTL_FAST_MATH = YES;
				ONLY_ACTIVE_ARCH = YES;
				SDKROOT = iphoneos;
				SWIFT_ACTIVE_COMPILATION_CONDITIONS = "DEBUG $(inherited)";
				SWIFT_OPTIMIZATION_LEVEL = "-Onone";
			};
			name = Debug;
		};
		ADE33E252BE9B0C9008CC91F /* Release */ = {
			isa = XCBuildConfiguration;
			buildSettings = {
				ALWAYS_SEARCH_USER_PATHS = NO;
				ASSETCATALOG_COMPILER_GENERATE_SWIFT_ASSET_SYMBOL_EXTENSIONS = YES;
				CLANG_ANALYZER_NONNULL = YES;
				CLANG_ANALYZER_NUMBER_OBJECT_CONVERSION = YES_AGGRESSIVE;
				CLANG_CXX_LANGUAGE_STANDARD = "gnu++20";
				CLANG_ENABLE_MODULES = YES;
				CLANG_ENABLE_OBJC_ARC = YES;
				CLANG_ENABLE_OBJC_WEAK = YES;
				CLANG_WARN_BLOCK_CAPTURE_AUTORELEASING = YES;
				CLANG_WARN_BOOL_CONVERSION = YES;
				CLANG_WARN_COMMA = YES;
				CLANG_WARN_CONSTANT_CONVERSION = YES;
				CLANG_WARN_DEPRECATED_OBJC_IMPLEMENTATIONS = YES;
				CLANG_WARN_DIRECT_OBJC_ISA_USAGE = YES_ERROR;
				CLANG_WARN_DOCUMENTATION_COMMENTS = YES;
				CLANG_WARN_EMPTY_BODY = YES;
				CLANG_WARN_ENUM_CONVERSION = YES;
				CLANG_WARN_INFINITE_RECURSION = YES;
				CLANG_WARN_INT_CONVERSION = YES;
				CLANG_WARN_NON_LITERAL_NULL_CONVERSION = YES;
				CLANG_WARN_OBJC_IMPLICIT_RETAIN_SELF = YES;
				CLANG_WARN_OBJC_LITERAL_CONVERSION = YES;
				CLANG_WARN_OBJC_ROOT_CLASS = YES_ERROR;
				CLANG_WARN_QUOTED_INCLUDE_IN_FRAMEWORK_HEADER = YES;
				CLANG_WARN_RANGE_LOOP_ANALYSIS = YES;
				CLANG_WARN_STRICT_PROTOTYPES = YES;
				CLANG_WARN_SUSPICIOUS_MOVE = YES;
				CLANG_WARN_UNGUARDED_AVAILABILITY = YES_AGGRESSIVE;
				CLANG_WARN_UNREACHABLE_CODE = YES;
				CLANG_WARN__DUPLICATE_METHOD_MATCH = YES;
				COPY_PHASE_STRIP = NO;
				DEBUG_INFORMATION_FORMAT = "dwarf-with-dsym";
				ENABLE_NS_ASSERTIONS = NO;
				ENABLE_STRICT_OBJC_MSGSEND = YES;
				ENABLE_USER_SCRIPT_SANDBOXING = YES;
				GCC_C_LANGUAGE_STANDARD = gnu17;
				GCC_NO_COMMON_BLOCKS = YES;
				GCC_WARN_64_TO_32_BIT_CONVERSION = YES;
				GCC_WARN_ABOUT_RETURN_TYPE = YES_ERROR;
				GCC_WARN_UNDECLARED_SELECTOR = YES;
				GCC_WARN_UNINITIALIZED_AUTOS = YES_AGGRESSIVE;
				GCC_WARN_UNUSED_FUNCTION = YES;
				GCC_WARN_UNUSED_VARIABLE = YES;
				IPHONEOS_DEPLOYMENT_TARGET = 15.0;
				LOCALIZATION_PREFERS_STRING_CATALOGS = YES;
				MTL_ENABLE_DEBUG_INFO = NO;
				MTL_FAST_MATH = YES;
				SDKROOT = iphoneos;
				SWIFT_COMPILATION_MODE = wholemodule;
				VALIDATE_PRODUCT = YES;
			};
			name = Release;
		};
		ADE33E272BE9B0C9008CC91F /* Debug */ = {
			isa = XCBuildConfiguration;
			buildSettings = {
				ASSETCATALOG_COMPILER_APPICON_NAME = AppIcon;
				ASSETCATALOG_COMPILER_GLOBAL_ACCENT_COLOR_NAME = AccentColor;
				CODE_SIGN_STYLE = Automatic;
				CURRENT_PROJECT_VERSION = 1;
				DEVELOPMENT_TEAM = HDFLLXK789;
				GENERATE_INFOPLIST_FILE = YES;
				INFOPLIST_FILE = NWPathMonitorSample/Info.plist;
				INFOPLIST_KEY_UIApplicationSupportsIndirectInputEvents = YES;
				INFOPLIST_KEY_UILaunchStoryboardName = LaunchScreen;
				INFOPLIST_KEY_UIMainStoryboardFile = "";
				INFOPLIST_KEY_UISupportedInterfaceOrientations_iPad = "UIInterfaceOrientationPortrait UIInterfaceOrientationPortraitUpsideDown UIInterfaceOrientationLandscapeLeft UIInterfaceOrientationLandscapeRight";
				INFOPLIST_KEY_UISupportedInterfaceOrientations_iPhone = "UIInterfaceOrientationPortrait UIInterfaceOrientationLandscapeLeft UIInterfaceOrientationLandscapeRight";
				LD_RUNPATH_SEARCH_PATHS = (
					"$(inherited)",
					"@executable_path/Frameworks",
				);
				MARKETING_VERSION = 1.0;
				PRODUCT_BUNDLE_IDENTIFIER = com.ycompany.NWPathMonitorSample;
				PRODUCT_NAME = "$(TARGET_NAME)";
				SWIFT_EMIT_LOC_STRINGS = YES;
				SWIFT_VERSION = 5.0;
				TARGETED_DEVICE_FAMILY = "1,2";
			};
			name = Debug;
		};
		ADE33E282BE9B0C9008CC91F /* Release */ = {
			isa = XCBuildConfiguration;
			buildSettings = {
				ASSETCATALOG_COMPILER_APPICON_NAME = AppIcon;
				ASSETCATALOG_COMPILER_GLOBAL_ACCENT_COLOR_NAME = AccentColor;
				CODE_SIGN_STYLE = Automatic;
				CURRENT_PROJECT_VERSION = 1;
				DEVELOPMENT_TEAM = HDFLLXK789;
				GENERATE_INFOPLIST_FILE = YES;
				INFOPLIST_FILE = NWPathMonitorSample/Info.plist;
				INFOPLIST_KEY_UIApplicationSupportsIndirectInputEvents = YES;
				INFOPLIST_KEY_UILaunchStoryboardName = LaunchScreen;
				INFOPLIST_KEY_UIMainStoryboardFile = "";
				INFOPLIST_KEY_UISupportedInterfaceOrientations_iPad = "UIInterfaceOrientationPortrait UIInterfaceOrientationPortraitUpsideDown UIInterfaceOrientationLandscapeLeft UIInterfaceOrientationLandscapeRight";
				INFOPLIST_KEY_UISupportedInterfaceOrientations_iPhone = "UIInterfaceOrientationPortrait UIInterfaceOrientationLandscapeLeft UIInterfaceOrientationLandscapeRight";
				LD_RUNPATH_SEARCH_PATHS = (
					"$(inherited)",
					"@executable_path/Frameworks",
				);
				MARKETING_VERSION = 1.0;
				PRODUCT_BUNDLE_IDENTIFIER = com.ycompany.NWPathMonitorSample;
				PRODUCT_NAME = "$(TARGET_NAME)";
				SWIFT_EMIT_LOC_STRINGS = YES;
				SWIFT_VERSION = 5.0;
				TARGETED_DEVICE_FAMILY = "1,2";
			};
			name = Release;
		};
/* End XCBuildConfiguration section */

/* Begin XCConfigurationList section */
		ADE33E0D2BE9B0C7008CC91F /* Build configuration list for PBXProject "NWPathMonitorSample" */ = {
			isa = XCConfigurationList;
			buildConfigurations = (
				ADE33E242BE9B0C9008CC91F /* Debug */,
				ADE33E252BE9B0C9008CC91F /* Release */,
			);
			defaultConfigurationIsVisible = 0;
			defaultConfigurationName = Release;
		};
		ADE33E262BE9B0C9008CC91F /* Build configuration list for PBXNativeTarget "NWPathMonitorSample" */ = {
			isa = XCConfigurationList;
			buildConfigurations = (
				ADE33E272BE9B0C9008CC91F /* Debug */,
				ADE33E282BE9B0C9008CC91F /* Release */,
			);
			defaultConfigurationIsVisible = 0;
			defaultConfigurationName = Release;
		};
/* End XCConfigurationList section */

/* Begin XCRemoteSwiftPackageReference section */
		ADE33E292BE9B115008CC91F /* XCRemoteSwiftPackageReference "SnapKit" */ = {
			isa = XCRemoteSwiftPackageReference;
			repositoryURL = "https://github.com/SnapKit/SnapKit.git";
			requirement = {
				kind = upToNextMajorVersion;
				minimumVersion = 5.7.1;
			};
		};
		ADE33E332BE9C46F008CC91F /* XCRemoteSwiftPackageReference "CombineCocoa" */ = {
			isa = XCRemoteSwiftPackageReference;
			repositoryURL = "https://github.com/CombineCommunity/CombineCocoa.git";
			requirement = {
				kind = upToNextMajorVersion;
				minimumVersion = 0.4.1;
			};
		};
/* End XCRemoteSwiftPackageReference section */

/* Begin XCSwiftPackageProductDependency section */
		ADE33E2A2BE9B115008CC91F /* SnapKit */ = {
			isa = XCSwiftPackageProductDependency;
			package = ADE33E292BE9B115008CC91F /* XCRemoteSwiftPackageReference "SnapKit" */;
			productName = SnapKit;
		};
		ADE33E342BE9C46F008CC91F /* CombineCocoa */ = {
			isa = XCSwiftPackageProductDependency;
			package = ADE33E332BE9C46F008CC91F /* XCRemoteSwiftPackageReference "CombineCocoa" */;
			productName = CombineCocoa;
		};
/* End XCSwiftPackageProductDependency section */
	};
	rootObject = ADE33E0A2BE9B0C7008CC91F /* Project object */;
}
